
Microsoft Visual Studio Solution File, Format Version 12.00
# Visual Studio Version 17
VisualStudioVersion = 17.13.35919.96
MinimumVisualStudioVersion = 10.0.40219.1
Project("{9A19103F-16F7-4668-BE54-9A1E7A4F7556}") = "ShowTime", "ShowTime\ShowTime\ShowTime.csproj", "{BC459B76-A219-43C7-8D28-42AE3782BDBA}"
EndProject
Project("{9A19103F-16F7-4668-BE54-9A1E7A4F7556}") = "ShowTime.DataAccess", "ShowTime.DataAccess\ShowTime.DataAccess.csproj", "{0F25E816-6EDF-44C0-A1AE-4EBF1394DC38}"
EndProject
Project("{9A19103F-16F7-4668-BE54-9A1E7A4F7556}") = "ShowTime.BusinessLogic", "ShowTime.BusinessLogic\ShowTime.BusinessLogic.csproj", "{B334F754-58A1-46C7-A98C-DA73F3E491A8}"
EndProject
Global
	GlobalSection(SolutionConfigurationPlatforms) = preSolution
		Debug|Any CPU = Debug|Any CPU
		Release|Any CPU = Release|Any CPU
	EndGlobalSection
	GlobalSection(ProjectConfigurationPlatforms) = postSolution
		{BC459B76-A219-43C7-8D28-42AE3782BDBA}.Debug|Any CPU.ActiveCfg = Debug|Any CPU
		{BC459B76-A219-43C7-8D28-42AE3782BDBA}.Debug|Any CPU.Build.0 = Debug|Any CPU
		{BC459B76-A219-43C7-8D28-42AE3782BDBA}.Release|Any CPU.ActiveCfg = Release|Any CPU
		{BC459B76-A219-43C7-8D28-42AE3782BDBA}.Release|Any CPU.Build.0 = Release|Any CPU
		{0F25E816-6EDF-44C0-A1AE-4EBF1394DC38}.Debug|Any CPU.ActiveCfg = Debug|Any CPU
		{0F25E816-6EDF-44C0-A1AE-4EBF1394DC38}.Debug|Any CPU.Build.0 = Debug|Any CPU
		{0F25E816-6EDF-44C0-A1AE-4EBF1394DC38}.Release|Any CPU.ActiveCfg = Release|Any CPU
		{0F25E816-6EDF-44C0-A1AE-4EBF1394DC38}.Release|Any CPU.Build.0 = Release|Any CPU
		{B334F754-58A1-46C7-A98C-DA73F3E491A8}.Debug|Any CPU.ActiveCfg = Debug|Any CPU
		{B334F754-58A1-46C7-A98C-DA73F3E491A8}.Debug|Any CPU.Build.0 = Debug|Any CPU
		{B334F754-58A1-46C7-A98C-DA73F3E491A8}.Release|Any CPU.ActiveCfg = Release|Any CPU
		{B334F754-58A1-46C7-A98C-DA73F3E491A8}.Release|Any CPU.Build.0 = Release|Any CPU
	EndGlobalSection
	GlobalSection(SolutionProperties) = preSolution
		HideSolutionNode = FALSE
	EndGlobalSection
	GlobalSection(ExtensibilityGlobals) = postSolution
		SolutionGuid = {C6D12FC8-46DE-46E6-985C-FEFBEBCB6C10}
	EndGlobalSection
EndGlobal
